<?xml version="1.0" encoding="utf-8"?>
<Project ToolsVersion="4.0" xmlns="http://schemas.microsoft.com/developer/msbuild/2003">
  <ItemGroup>
    <Filter Include="Source Files">
      <UniqueIdentifier>{4FC737F1-C7A5-4376-A066-2A32D752A2FF}</UniqueIdentifier>
      <Extensions>cpp;c;cc;cxx;def;odl;idl;hpj;bat;asm;asmx</Extensions>
    </Filter>
    <Filter Include="Header Files">
      <UniqueIdentifier>{93995380-89BD-4b04-88EB-625FBE52EBFB}</UniqueIdentifier>
      <Extensions>h;hh;hpp;hxx;hm;inl;inc;xsd</Extensions>
    </Filter>
    <Filter Include="Resource Files">
      <UniqueIdentifier>{67DA6AB6-F800-4c08-8B7A-83BB121AAD01}</UniqueIdentifier>
      <Extensions>rc;ico;cur;bmp;dlg;rc2;rct;bin;rgs;gif;jpg;jpeg;jpe;resx;tiff;tif;png;wav;mfcribbon-ms</Extensions>
    </Filter>
    <Filter Include="Source Files\Entities">
      <UniqueIdentifier>{845f491f-97bf-414b-9497-c63da2724a60}</UniqueIdentifier>
    </Filter>
    <Filter Include="Header Files\Entities">
      <UniqueIdentifier>{d0c7e182-824d-4e0c-9ab5-dc3d4b92eb12}</UniqueIdentifier>
    </Filter>
  </ItemGroup>
  <ItemGroup>
    <ClCompile Include="mydrawengine.cpp">
      <Filter>Source Files</Filter>
    </ClCompile>
    <ClCompile Include="gametimer.cpp">
      <Filter>Source Files</Filter>
    </ClCompile>
    <ClCompile Include="gamecode.cpp">
      <Filter>Source Files</Filter>
    </ClCompile>
    <ClCompile Include="camera.cpp">
      <Filter>Source Files</Filter>
    </ClCompile>
    <ClCompile Include="Shapes.cpp">
      <Filter>Source Files</Filter>
    </ClCompile>
    <ClCompile Include="ObjectManager.cpp">
      <Filter>Source Files</Filter>
    </ClCompile>
    <ClCompile Include="KeyboardBuffer.cpp">
      <Filter>Source Files</Filter>
    </ClCompile>
    <ClCompile Include="GameObject.cpp">
      <Filter>Source Files</Filter>
    </ClCompile>
    <ClCompile Include="ErrorLogger.cpp">
      <Filter>Source Files</Filter>
    </ClCompile>
    <ClCompile Include="stuff.cpp">
      <Filter>Source Files</Filter>
    </ClCompile>
    <ClCompile Include="wincode.cpp">
      <Filter>Source Files</Filter>
    </ClCompile>
    <ClCompile Include="vector2D.cpp">
      <Filter>Source Files</Filter>
    </ClCompile>
    <ClCompile Include="mysoundengine.cpp">
      <Filter>Source Files</Filter>
    </ClCompile>
    <ClCompile Include="myinputs.cpp">
      <Filter>Source Files</Filter>
    </ClCompile>
    <ClCompile Include="Building.cpp">
      <Filter>Source Files\Entities</Filter>
    </ClCompile>
    <ClCompile Include="Spaceship.cpp">
      <Filter>Source Files\Entities</Filter>
    </ClCompile>
    <ClCompile Include="BuildingForeground.cpp">
      <Filter>Source Files\Entities</Filter>
    </ClCompile>
    <ClCompile Include="BuildingBackground.cpp">
      <Filter>Source Files\Entities</Filter>
    </ClCompile>
    <ClCompile Include="Explosion.cpp">
      <Filter>Source Files\Entities</Filter>
    </ClCompile>
    <ClCompile Include="userInterface.cpp">
      <Filter>Source Files\Entities</Filter>
    </ClCompile>
    <ClCompile Include="entities.cpp">
      <Filter>Source Files\Entities</Filter>
    </ClCompile>
    <ClCompile Include="lander.cpp">
      <Filter>Source Files\Entities</Filter>
    </ClCompile>
    <ClCompile Include="EnemyShip.cpp">
      <Filter>Source Files\Entities</Filter>
    </ClCompile>
    <ClCompile Include="missile.cpp">
      <Filter>Source Files\Entities</Filter>
    </ClCompile>
    <ClCompile Include="EnemyOne.cpp">
      <Filter>Source Files\Entities</Filter>
    </ClCompile>
    <ClCompile Include="BulletUI.cpp">
      <Filter>Source Files\Entities</Filter>
    </ClCompile>
    <ClCompile Include="BombUI.cpp">
      <Filter>Source Files\Entities</Filter>
    </ClCompile>
    <ClCompile Include="playerMissile.cpp">
      <Filter>Source Files\Entities</Filter>
    </ClCompile>
    <ClCompile Include="Particles.cpp">
      <Filter>Source Files\Entities</Filter>
    </ClCompile>
    <ClCompile Include="EnemyBullet.cpp">
      <Filter>Source Files\Entities</Filter>
    </ClCompile>
    <ClCompile Include="BulletFlyer.cpp">
      <Filter>Source Files\Entities</Filter>
    </ClCompile>
  </ItemGroup>
  <ItemGroup>
    <ClInclude Include="objecttypes.h">
      <Filter>Header Files</Filter>
    </ClInclude>
    <ClInclude Include="mysoundengine.h">
      <Filter>Header Files</Filter>
    </ClInclude>
    <ClInclude Include="myinputs.h">
      <Filter>Header Files</Filter>
    </ClInclude>
    <ClInclude Include="mydrawengine.h">
      <Filter>Header Files</Filter>
    </ClInclude>
    <ClInclude Include="gametimer.h">
      <Filter>Header Files</Filter>
    </ClInclude>
    <ClInclude Include="gamecode.h">
      <Filter>Header Files</Filter>
    </ClInclude>
    <ClInclude Include="event.h">
      <Filter>Header Files</Filter>
    </ClInclude>
    <ClInclude Include="errortype.h">
      <Filter>Header Files</Filter>
    </ClInclude>
    <ClInclude Include="camera.h">
      <Filter>Header Files</Filter>
    </ClInclude>
    <ClInclude Include="Shapes.h">
      <Filter>Header Files</Filter>
    </ClInclude>
    <ClInclude Include="ObjectManager.h">
      <Filter>Header Files</Filter>
    </ClInclude>
    <ClInclude Include="KeyboardBuffer.h">
      <Filter>Header Files</Filter>
    </ClInclude>
    <ClInclude Include="GamepadClass.h">
      <Filter>Header Files</Filter>
    </ClInclude>
    <ClInclude Include="GameObject.h">
      <Filter>Header Files</Filter>
    </ClInclude>
    <ClInclude Include="ErrorLogger.h">
      <Filter>Header Files</Filter>
    </ClInclude>
    <ClInclude Include="vector2D.h">
      <Filter>Header Files</Filter>
    </ClInclude>
    <ClInclude Include="Building.h">
      <Filter>Header Files\Entities</Filter>
    </ClInclude>
    <ClInclude Include="Spaceship.h">
      <Filter>Header Files\Entities</Filter>
    </ClInclude>
    <ClInclude Include="BuildingForeground.h">
      <Filter>Header Files\Entities</Filter>
    </ClInclude>
    <ClInclude Include="BuildingBackground.h">
      <Filter>Header Files\Entities</Filter>
    </ClInclude>
    <ClInclude Include="Explosion.h">
      <Filter>Header Files\Entities</Filter>
    </ClInclude>
    <ClInclude Include="userInterface.h">
      <Filter>Header Files\Entities</Filter>
    </ClInclude>
    <ClInclude Include="entities.h">
      <Filter>Header Files\Entities</Filter>
    </ClInclude>
    <ClInclude Include="BuildingTypes.h">
      <Filter>Header Files\Entities</Filter>
    </ClInclude>
    <ClInclude Include="lander.h">
      <Filter>Header Files\Entities</Filter>
    </ClInclude>
    <ClInclude Include="EnemyShip.h">
      <Filter>Header Files\Entities</Filter>
    </ClInclude>
    <ClInclude Include="missile.h">
      <Filter>Header Files\Entities</Filter>
    </ClInclude>
    <ClInclude Include="EnemyOne.h">
      <Filter>Header Files\Entities</Filter>
    </ClInclude>
    <ClInclude Include="BulletUI.h">
      <Filter>Header Files\Entities</Filter>
    </ClInclude>
    <ClInclude Include="BombUI.h">
      <Filter>Header Files\Entities</Filter>
    </ClInclude>
    <ClInclude Include="playerMissile.h">
      <Filter>Header Files\Entities</Filter>
    </ClInclude>
    <ClInclude Include="Particles.h">
      <Filter>Header Files\Entities</Filter>
    </ClInclude>
    <ClInclude Include="EnemyBullet.h">
      <Filter>Header Files\Entities</Filter>
    </ClInclude>
    <ClInclude Include="BulletFlyer.h">
      <Filter>Header Files\Entities</Filter>
    </ClInclude>
  </ItemGroup>
  <ItemGroup>
    <Image Include="ship.png">
      <Filter>Resource Files</Filter>
    </Image>
    <Image Include="building.png">
      <Filter>Resource Files</Filter>
    </Image>
    <Image Include="BG.png">
      <Filter>Resource Files</Filter>
    </Image>
    <Image Include="city.png">
      <Filter>Resource Files</Filter>
    </Image>
    <Image Include="buildingblur.png">
      <Filter>Resource Files</Filter>
    </Image>
    <Image Include="bullet1.png">
      <Filter>Resource Files</Filter>
    </Image>
    <Image Include="bullet2.png">
      <Filter>Resource Files</Filter>
    </Image>
    <Image Include="bullet3.png">
      <Filter>Resource Files</Filter>
    </Image>
    <Image Include="bullet4.png">
      <Filter>Resource Files</Filter>
    </Image>
    <Image Include="bullet5.png">
      <Filter>Resource Files</Filter>
    </Image>
    <Image Include="bullet6.png">
      <Filter>Resource Files</Filter>
    </Image>
    <Image Include="explosion2.bmp">
      <Filter>Resource Files</Filter>
    </Image>
    <Image Include="explosion3.bmp">
      <Filter>Resource Files</Filter>
    </Image>
    <Image Include="explosion4.bmp">
      <Filter>Resource Files</Filter>
    </Image>
    <Image Include="explosion5.bmp">
      <Filter>Resource Files</Filter>
    </Image>
    <Image Include="explosion6.bmp">
      <Filter>Resource Files</Filter>
    </Image>
    <Image Include="explosion7.bmp">
      <Filter>Resource Files</Filter>
    </Image>
    <Image Include="explosion8.bmp">
      <Filter>Resource Files</Filter>
    </Image>
    <Image Include="explosion1.bmp">
      <Filter>Resource Files</Filter>
    </Image>
    <Image Include="buildingforeground.png">
      <Filter>Resource Files</Filter>
    </Image>
    <Image Include="buildingfore.png">
      <Filter>Resource Files</Filter>
    </Image>
    <Image Include="building1.png">
      <Filter>Resource Files</Filter>
    </Image>
    <Image Include="fuelbuilding.png">
      <Filter>Resource Files</Filter>
    </Image>
    <Image Include="house.png">
      <Filter>Resource Files</Filter>
    </Image>
    <Image Include="building2.png">
      <Filter>Resource Files</Filter>
    </Image>
    <Image Include="building3.png">
      <Filter>Resource Files</Filter>
    </Image>
    <Image Include="building4.png">
      <Filter>Resource Files</Filter>
    </Image>
    <Image Include="othercity.png">
      <Filter>Resource Files</Filter>
    </Image>
    <Image Include="crate.png">
      <Filter>Resource Files</Filter>
    </Image>
    <Image Include="invisible.png">
      <Filter>Resource Files</Filter>
    </Image>
    <Image Include="ground.png">
      <Filter>Resource Files</Filter>
    </Image>
    <Image Include="enemy_missile.png">
      <Filter>Resource Files</Filter>
    </Image>
    <Image Include="Enemy1.png">
      <Filter>Resource Files</Filter>
    </Image>
    <Image Include="UIbullets1.png">
      <Filter>Resource Files</Filter>
    </Image>
    <Image Include="UIbullets2.png">
      <Filter>Resource Files</Filter>
    </Image>
    <Image Include="UIbullets3.png">
      <Filter>Resource Files</Filter>
    </Image>
    <Image Include="UIbullets4.png">
      <Filter>Resource Files</Filter>
    </Image>
    <Image Include="UIbullets5.png">
      <Filter>Resource Files</Filter>
    </Image>
    <Image Include="UIbullets6.png">
      <Filter>Resource Files</Filter>
    </Image>
    <Image Include="UIbullets7.png">
      <Filter>Resource Files</Filter>
    </Image>
    <Image Include="UIbullets8.png">
      <Filter>Resource Files</Filter>
    </Image>
    <Image Include="UIbullets9.png">
      <Filter>Resource Files</Filter>
    </Image>
    <Image Include="UIhealth2.png">
      <Filter>Resource Files</Filter>
    </Image>
    <Image Include="UIhealth3.png">
      <Filter>Resource Files</Filter>
    </Image>
    <Image Include="UIhealth4.png">
      <Filter>Resource Files</Filter>
    </Image>
    <Image Include="UIhealth5.png">
      <Filter>Resource Files</Filter>
    </Image>
    <Image Include="UIhealth6.png">
      <Filter>Resource Files</Filter>
    </Image>
    <Image Include="UIhealth7.png">
      <Filter>Resource Files</Filter>
    </Image>
    <Image Include="UIhealth8.png">
      <Filter>Resource Files</Filter>
    </Image>
    <Image Include="UIhealth9.png">
      <Filter>Resource Files</Filter>
    </Image>
    <Image Include="UIhealth1.png">
      <Filter>Resource Files</Filter>
    </Image>
    <Image Include="UIFuel001.png">
      <Filter>Resource Files</Filter>
    </Image>
    <Image Include="UIFuel002.png">
      <Filter>Resource Files</Filter>
    </Image>
    <Image Include="UIFuel003.png">
      <Filter>Resource Files</Filter>
    </Image>
    <Image Include="UIFuel004.png">
      <Filter>Resource Files</Filter>
    </Image>
    <Image Include="UIFuel005.png">
      <Filter>Resource Files</Filter>
    </Image>
    <Image Include="UIFuel006.png">
      <Filter>Resource Files</Filter>
    </Image>
    <Image Include="UIFuel007.png">
      <Filter>Resource Files</Filter>
    </Image>
    <Image Include="UIFuel008.png">
      <Filter>Resource Files</Filter>
    </Image>
    <Image Include="UIFuel009.png">
      <Filter>Resource Files</Filter>
    </Image>
    <Image Include="menu1.png">
      <Filter>Resource Files</Filter>
    </Image>
    <Image Include="menu2.png">
      <Filter>Resource Files</Filter>
    </Image>
    <Image Include="menu3.png">
      <Filter>Resource Files</Filter>
    </Image>
    <Image Include="menu4.png">
      <Filter>Resource Files</Filter>
    </Image>
    <Image Include="missileBlue.png">
      <Filter>Resource Files</Filter>
    </Image>
    <Image Include="bomb_bar.png">
      <Filter>Resource Files</Filter>
    </Image>
    <Image Include="bomb_bar2.png">
      <Filter>Resource Files</Filter>
    </Image>
    <Image Include="bomb_bar3.png">
      <Filter>Resource Files</Filter>
    </Image>
    <Image Include="bomb_bar4.png">
      <Filter>Resource Files</Filter>
    </Image>
    <Image Include="bomb_bar5.png">
      <Filter>Resource Files</Filter>
    </Image>
    <Image Include="bomb_bar6.png">
      <Filter>Resource Files</Filter>
    </Image>
    <Image Include="particles1.png">
      <Filter>Resource Files</Filter>
    </Image>
    <Image Include="particles2.png">
      <Filter>Resource Files</Filter>
    </Image>
    <Image Include="particles3.png">
      <Filter>Resource Files</Filter>
    </Image>
    <Image Include="particles4.png">
      <Filter>Resource Files</Filter>
    </Image>
    <Image Include="particles5.png">
      <Filter>Resource Files</Filter>
    </Image>
    <Image Include="particles6.png">
      <Filter>Resource Files</Filter>
    </Image>
    <Image Include="particles7.png">
      <Filter>Resource Files</Filter>
    </Image>
    <Image Include="particles8.png">
      <Filter>Resource Files</Filter>
    </Image>
    <Image Include="particles9.png">
      <Filter>Resource Files</Filter>
    </Image>
    <Image Include="particles10.png">
      <Filter>Resource Files</Filter>
    </Image>
    <Image Include="particles11.png">
      <Filter>Resource Files</Filter>
    </Image>
    <Image Include="particles12.png">
      <Filter>Resource Files</Filter>
    </Image>
    <Image Include="particles13.png">
      <Filter>Resource Files</Filter>
    </Image>
    <Image Include="particles14.png">
      <Filter>Resource Files</Filter>
    </Image>
    <Image Include="particles15.png">
      <Filter>Resource Files</Filter>
    </Image>
    <Image Include="particles16.png">
      <Filter>Resource Files</Filter>
    </Image>
    <Image Include="particles17.png">
      <Filter>Resource Files</Filter>
    </Image>
    <Image Include="particles18.png">
      <Filter>Resource Files</Filter>
    </Image>
    <Image Include="particles19.png">
      <Filter>Resource Files</Filter>
    </Image>
    <Image Include="particles20.png">
      <Filter>Resource Files</Filter>
    </Image>
    <Image Include="particles21.png">
      <Filter>Resource Files</Filter>
    </Image>
    <Image Include="particles22.png">
      <Filter>Resource Files</Filter>
    </Image>
    <Image Include="particles23.png">
      <Filter>Resource Files</Filter>
    </Image>
    <Image Include="particles24.png">
      <Filter>Resource Files</Filter>
    </Image>
    <Image Include="particles25.png">
      <Filter>Resource Files</Filter>
    </Image>
    <Image Include="particles26.png">
      <Filter>Resource Files</Filter>
    </Image>
    <Image Include="particles27.png">
      <Filter>Resource Files</Filter>
    </Image>
    <Image Include="particles28.png">
      <Filter>Resource Files</Filter>
    </Image>
    <Image Include="particles29.png">
      <Filter>Resource Files</Filter>
    </Image>
    <Image Include="particles30.png">
      <Filter>Resource Files</Filter>
    </Image>
    <Image Include="particles31.png">
      <Filter>Resource Files</Filter>
    </Image>
    <Image Include="particles32.png">
      <Filter>Resource Files</Filter>
    </Image>
    <Image Include="SpinEnemy.png">
      <Filter>Resource Files</Filter>
    </Image>
    <Image Include="flyer.png">
      <Filter>Resource Files</Filter>
    </Image>
    <Image Include="ship2.png">
      <Filter>Resource Files</Filter>
    </Image>
    <Image Include="ship3.png">
      <Filter>Resource Files</Filter>
    </Image>
    <Image Include="ship4.png">
      <Filter>Resource Files</Filter>
    </Image>
    <Image Include="gameover.png">
      <Filter>Resource Files</Filter>
    </Image>
    <Image Include="credits.png">
      <Filter>Resource Files</Filter>
    </Image>
    <Image Include="Title.png">
      <Filter>Resource Files</Filter>
    </Image>
  </ItemGroup>
  <ItemGroup>
    <Media Include="bgm.wav">
      <Filter>Resource Files</Filter>
    </Media>
    <Media Include="shoot.wav">
      <Filter>Resource Files</Filter>
    </Media>
    <Media Include="recharge.wav">
      <Filter>Resource Files</Filter>
    </Media>
    <Media Include="hit.wav">
      <Filter>Resource Files</Filter>
    </Media>
    <Media Include="explosion.wav">
      <Filter>Resource Files</Filter>
    </Media>
    <Media Include="bomb.wav">
      <Filter>Resource Files</Filter>
    </Media>
    <Media Include="whoosh.wav">
      <Filter>Resource Files</Filter>
    </Media>
    <Media Include="thrusting.wav">
      <Filter>Resource Files</Filter>
    </Media>
  </ItemGroup>
</Project>